
Microsoft Visual Studio Solution File, Format Version 12.00
# Visual Studio Version 17
VisualStudioVersion = 17.0.31903.59
MinimumVisualStudioVersion = 10.0.40219.1
Project("{2150E333-8FDC-42A3-9474-1A3956D46DE8}") = "Solution Items", "Solution Items", "{3D2A39FC-C2F3-491B-857A-0DE938F76C88}"
	ProjectSection(SolutionItems) = preProject
		.commitlintrc = .commitlintrc
		.editorconfig = .editorconfig
		.filenesting.json = .filenesting.json
		.gitattributes = .gitattributes
		.gitignore = .gitignore
		.gitmodules = .gitmodules
		Directory.Build.props = Directory.Build.props
		Directory.Build.targets = Directory.Build.targets
		Directory.Packages.props = Directory.Packages.props
		Directory.Solution.props = Directory.Solution.props
		GitVersion.yml = GitVersion.yml
		LICENSE = LICENSE
		new-project.ps1 = new-project.ps1
		nuget.config = nuget.config
		README.md = README.md
		update-solution.ps1 = update-solution.ps1
	EndProjectSection
EndProject
Project("{2150E333-8FDC-42A3-9474-1A3956D46DE8}") = "src", "src", "{21AE3C2F-9B31-4DFF-97ED-F1DF42186E96}"
EndProject
Project("{9A19103F-16F7-4668-BE54-9A1E7A4F7556}") = "NetEvolve.ArchiDuct", "src\NetEvolve.ArchiDuct\NetEvolve.ArchiDuct.csproj", "{2DCC7052-D6C9-4D6C-945F-9998AC7B57AD}"
EndProject
Project("{2150E333-8FDC-42A3-9474-1A3956D46DE8}") = "tests", "tests", "{B6D0628F-AF7C-4084-B0E9-DAF38BAC412E}"
EndProject
Project("{9A19103F-16F7-4668-BE54-9A1E7A4F7556}") = "NetEvolve.ArchiDuct.Tests.Unit", "tests\NetEvolve.ArchiDuct.Tests.Unit\NetEvolve.ArchiDuct.Tests.Unit.csproj", "{03E2529C-6FD6-4501-AEA2-32A8B258F653}"
EndProject
Project("{9A19103F-16F7-4668-BE54-9A1E7A4F7556}") = "NetEvolve.ArchiDuct.XUnit", "src\NetEvolve.ArchiDuct.XUnit\NetEvolve.ArchiDuct.XUnit.csproj", "{80FE539D-7A11-4CB6-AF3E-AF9DEDF41E47}"
EndProject
Project("{9A19103F-16F7-4668-BE54-9A1E7A4F7556}") = "NetEvolve.ArchiDuct.XUnit.Tests.Unit", "tests\NetEvolve.ArchiDuct.XUnit.Tests.Unit\NetEvolve.ArchiDuct.XUnit.Tests.Unit.csproj", "{3B241FE9-8BEC-468E-B2A0-A12E5C3BFD0D}"
EndProject
Project("{9A19103F-16F7-4668-BE54-9A1E7A4F7556}") = "NetEvolve.ArchiDuct.XUnit.Tests.Integration", "tests\NetEvolve.ArchiDuct.XUnit.Tests.Integration\NetEvolve.ArchiDuct.XUnit.Tests.Integration.csproj", "{BCC67743-7318-4D81-A233-B9AAEE92F1C5}"
EndProject
Project("{9A19103F-16F7-4668-BE54-9A1E7A4F7556}") = "NetEvolve.ArchiDuct.XUnit.Tests.Architecture", "tests\NetEvolve.ArchiDuct.XUnit.Tests.Architecture\NetEvolve.ArchiDuct.XUnit.Tests.Architecture.csproj", "{A0EDC002-D096-4751-8ED4-93DB4BA72950}"
EndProject
Project("{9A19103F-16F7-4668-BE54-9A1E7A4F7556}") = "NetEvolve.ArchiDuct.Tests.Integration", "tests\NetEvolve.ArchiDuct.Tests.Integration\NetEvolve.ArchiDuct.Tests.Integration.csproj", "{59B69788-809A-41A4-8ECA-3867E3420DA9}"
EndProject
Project("{9A19103F-16F7-4668-BE54-9A1E7A4F7556}") = "NetEvolve.ArchiDuct.Tests.Architecture", "tests\NetEvolve.ArchiDuct.Tests.Architecture\NetEvolve.ArchiDuct.Tests.Architecture.csproj", "{C365560E-8796-428F-9F1E-7CEFC7E834D5}"
EndProject
Global
	GlobalSection(SolutionConfigurationPlatforms) = preSolution
		Debug|Any CPU = Debug|Any CPU
		Release|Any CPU = Release|Any CPU
	EndGlobalSection
	GlobalSection(ProjectConfigurationPlatforms) = postSolution
		{2DCC7052-D6C9-4D6C-945F-9998AC7B57AD}.Debug|Any CPU.ActiveCfg = Debug|Any CPU
		{2DCC7052-D6C9-4D6C-945F-9998AC7B57AD}.Debug|Any CPU.Build.0 = Debug|Any CPU
		{2DCC7052-D6C9-4D6C-945F-9998AC7B57AD}.Release|Any CPU.ActiveCfg = Release|Any CPU
		{2DCC7052-D6C9-4D6C-945F-9998AC7B57AD}.Release|Any CPU.Build.0 = Release|Any CPU
		{03E2529C-6FD6-4501-AEA2-32A8B258F653}.Debug|Any CPU.ActiveCfg = Debug|Any CPU
		{03E2529C-6FD6-4501-AEA2-32A8B258F653}.Debug|Any CPU.Build.0 = Debug|Any CPU
		{03E2529C-6FD6-4501-AEA2-32A8B258F653}.Release|Any CPU.ActiveCfg = Release|Any CPU
		{03E2529C-6FD6-4501-AEA2-32A8B258F653}.Release|Any CPU.Build.0 = Release|Any CPU
		{80FE539D-7A11-4CB6-AF3E-AF9DEDF41E47}.Debug|Any CPU.ActiveCfg = Debug|Any CPU
		{80FE539D-7A11-4CB6-AF3E-AF9DEDF41E47}.Debug|Any CPU.Build.0 = Debug|Any CPU
		{80FE539D-7A11-4CB6-AF3E-AF9DEDF41E47}.Release|Any CPU.ActiveCfg = Release|Any CPU
		{80FE539D-7A11-4CB6-AF3E-AF9DEDF41E47}.Release|Any CPU.Build.0 = Release|Any CPU
		{3B241FE9-8BEC-468E-B2A0-A12E5C3BFD0D}.Debug|Any CPU.ActiveCfg = Debug|Any CPU
		{3B241FE9-8BEC-468E-B2A0-A12E5C3BFD0D}.Debug|Any CPU.Build.0 = Debug|Any CPU
		{3B241FE9-8BEC-468E-B2A0-A12E5C3BFD0D}.Release|Any CPU.ActiveCfg = Release|Any CPU
		{3B241FE9-8BEC-468E-B2A0-A12E5C3BFD0D}.Release|Any CPU.Build.0 = Release|Any CPU
		{BCC67743-7318-4D81-A233-B9AAEE92F1C5}.Debug|Any CPU.ActiveCfg = Debug|Any CPU
		{BCC67743-7318-4D81-A233-B9AAEE92F1C5}.Debug|Any CPU.Build.0 = Debug|Any CPU
		{BCC67743-7318-4D81-A233-B9AAEE92F1C5}.Release|Any CPU.ActiveCfg = Release|Any CPU
		{BCC67743-7318-4D81-A233-B9AAEE92F1C5}.Release|Any CPU.Build.0 = Release|Any CPU
		{A0EDC002-D096-4751-8ED4-93DB4BA72950}.Debug|Any CPU.ActiveCfg = Debug|Any CPU
		{A0EDC002-D096-4751-8ED4-93DB4BA72950}.Debug|Any CPU.Build.0 = Debug|Any CPU
		{A0EDC002-D096-4751-8ED4-93DB4BA72950}.Release|Any CPU.ActiveCfg = Release|Any CPU
		{A0EDC002-D096-4751-8ED4-93DB4BA72950}.Release|Any CPU.Build.0 = Release|Any CPU
		{59B69788-809A-41A4-8ECA-3867E3420DA9}.Debug|Any CPU.ActiveCfg = Debug|Any CPU
		{59B69788-809A-41A4-8ECA-3867E3420DA9}.Debug|Any CPU.Build.0 = Debug|Any CPU
		{59B69788-809A-41A4-8ECA-3867E3420DA9}.Release|Any CPU.ActiveCfg = Release|Any CPU
		{59B69788-809A-41A4-8ECA-3867E3420DA9}.Release|Any CPU.Build.0 = Release|Any CPU
		{C365560E-8796-428F-9F1E-7CEFC7E834D5}.Debug|Any CPU.ActiveCfg = Debug|Any CPU
		{C365560E-8796-428F-9F1E-7CEFC7E834D5}.Debug|Any CPU.Build.0 = Debug|Any CPU
		{C365560E-8796-428F-9F1E-7CEFC7E834D5}.Release|Any CPU.ActiveCfg = Release|Any CPU
		{C365560E-8796-428F-9F1E-7CEFC7E834D5}.Release|Any CPU.Build.0 = Release|Any CPU
	EndGlobalSection
	GlobalSection(SolutionProperties) = preSolution
		HideSolutionNode = FALSE
	EndGlobalSection
	GlobalSection(NestedProjects) = preSolution
		{2DCC7052-D6C9-4D6C-945F-9998AC7B57AD} = {21AE3C2F-9B31-4DFF-97ED-F1DF42186E96}
		{03E2529C-6FD6-4501-AEA2-32A8B258F653} = {B6D0628F-AF7C-4084-B0E9-DAF38BAC412E}
		{80FE539D-7A11-4CB6-AF3E-AF9DEDF41E47} = {21AE3C2F-9B31-4DFF-97ED-F1DF42186E96}
		{3B241FE9-8BEC-468E-B2A0-A12E5C3BFD0D} = {B6D0628F-AF7C-4084-B0E9-DAF38BAC412E}
		{BCC67743-7318-4D81-A233-B9AAEE92F1C5} = {B6D0628F-AF7C-4084-B0E9-DAF38BAC412E}
		{A0EDC002-D096-4751-8ED4-93DB4BA72950} = {B6D0628F-AF7C-4084-B0E9-DAF38BAC412E}
		{59B69788-809A-41A4-8ECA-3867E3420DA9} = {B6D0628F-AF7C-4084-B0E9-DAF38BAC412E}
		{C365560E-8796-428F-9F1E-7CEFC7E834D5} = {B6D0628F-AF7C-4084-B0E9-DAF38BAC412E}
	EndGlobalSection
	GlobalSection(ExtensibilityGlobals) = postSolution
		SolutionGuid = {89C5B33E-14D6-408D-B3CD-2E0A7C11D4B5}
	EndGlobalSection
EndGlobal
